
Microsoft Visual Studio Solution File, Format Version 12.00
# Visual Studio Version 16
VisualStudioVersion = 16.0.29503.13
MinimumVisualStudioVersion = 10.0.40219.1
Project("{9A19103F-16F7-4668-BE54-9A1E7A4F7556}") = "ParkingLot", "ParkingLot\ParkingLot.csproj", "{A36AC3AA-17AF-43EF-B664-47CA8E21AC63}"
EndProject
Project("{FAE04EC0-301F-11D3-BF4B-00C04F79EFBC}") = "ParkingLotTests", "ParkingLotTests\ParkingLotTests.csproj", "{1F5E9DB0-F6C4-4412-8BA4-10A9351CC084}"
EndProject
Global
	GlobalSection(SolutionConfigurationPlatforms) = preSolution
		Debug|Any CPU = Debug|Any CPU
		Release|Any CPU = Release|Any CPU
	EndGlobalSection
	GlobalSection(ProjectConfigurationPlatforms) = postSolution
		{A36AC3AA-17AF-43EF-B664-47CA8E21AC63}.Debug|Any CPU.ActiveCfg = Debug|Any CPU
		{A36AC3AA-17AF-43EF-B664-47CA8E21AC63}.Debug|Any CPU.Build.0 = Debug|Any CPU
		{A36AC3AA-17AF-43EF-B664-47CA8E21AC63}.Release|Any CPU.ActiveCfg = Release|Any CPU
		{A36AC3AA-17AF-43EF-B664-47CA8E21AC63}.Release|Any CPU.Build.0 = Release|Any CPU
		{1F5E9DB0-F6C4-4412-8BA4-10A9351CC084}.Debug|Any CPU.ActiveCfg = Debug|Any CPU
		{1F5E9DB0-F6C4-4412-8BA4-10A9351CC084}.Debug|Any CPU.Build.0 = Debug|Any CPU
		{1F5E9DB0-F6C4-4412-8BA4-10A9351CC084}.Release|Any CPU.ActiveCfg = Release|Any CPU
		{1F5E9DB0-F6C4-4412-8BA4-10A9351CC084}.Release|Any CPU.Build.0 = Release|Any CPU
	EndGlobalSection
	GlobalSection(SolutionProperties) = preSolution
		HideSolutionNode = FALSE
	EndGlobalSection
	GlobalSection(ExtensibilityGlobals) = postSolution
		SolutionGuid = {3456424E-46C5-46E6-8FD1-327994D9BF1B}
	EndGlobalSection
EndGlobal
